// !$*UTF8*$!
{
	archiveVersion = 1;
	classes = {
	};
	objectVersion = 46;
	objects = {

/* Begin PBXBuildFile section */
		441714AE1F6872F100C9BD9A /* AppDelegate.swift in Sources */ = {isa = PBXBuildFile; fileRef = 441714AD1F6872F100C9BD9A /* AppDelegate.swift */; };
		441714B01F6872F100C9BD9A /* LoginVC.swift in Sources */ = {isa = PBXBuildFile; fileRef = 441714AF1F6872F100C9BD9A /* LoginVC.swift */; };
		441714B31F6872F100C9BD9A /* Main.storyboard in Resources */ = {isa = PBXBuildFile; fileRef = 441714B11F6872F100C9BD9A /* Main.storyboard */; };
		441714B51F6872F100C9BD9A /* Assets.xcassets in Resources */ = {isa = PBXBuildFile; fileRef = 441714B41F6872F100C9BD9A /* Assets.xcassets */; };
		441714B81F6872F100C9BD9A /* LaunchScreen.storyboard in Resources */ = {isa = PBXBuildFile; fileRef = 441714B61F6872F100C9BD9A /* LaunchScreen.storyboard */; };
		44DECFC41F69795100C9E3CE /* UdacityClient.swift in Sources */ = {isa = PBXBuildFile; fileRef = 44DECFC31F69795100C9E3CE /* UdacityClient.swift */; };
		44DECFC61F697B8700C9E3CE /* ConstantsUdacity.swift in Sources */ = {isa = PBXBuildFile; fileRef = 44DECFC51F697B8700C9E3CE /* ConstantsUdacity.swift */; };
		44DECFC81F69864A00C9E3CE /* UdacityConvenience.swift in Sources */ = {isa = PBXBuildFile; fileRef = 44DECFC71F69864A00C9E3CE /* UdacityConvenience.swift */; };
/* End PBXBuildFile section */

/* Begin PBXFileReference section */
		441714AA1F6872F100C9BD9A /* OnTheMap.app */ = {isa = PBXFileReference; explicitFileType = wrapper.application; includeInIndex = 0; path = OnTheMap.app; sourceTree = BUILT_PRODUCTS_DIR; };
		441714AD1F6872F100C9BD9A /* AppDelegate.swift */ = {isa = PBXFileReference; lastKnownFileType = sourcecode.swift; path = AppDelegate.swift; sourceTree = "<group>"; };
		441714AF1F6872F100C9BD9A /* LoginVC.swift */ = {isa = PBXFileReference; lastKnownFileType = sourcecode.swift; path = LoginVC.swift; sourceTree = "<group>"; };
		441714B21F6872F100C9BD9A /* Base */ = {isa = PBXFileReference; lastKnownFileType = file.storyboard; name = Base; path = Base.lproj/Main.storyboard; sourceTree = "<group>"; };
		441714B41F6872F100C9BD9A /* Assets.xcassets */ = {isa = PBXFileReference; lastKnownFileType = folder.assetcatalog; path = Assets.xcassets; sourceTree = "<group>"; };
		441714B71F6872F100C9BD9A /* Base */ = {isa = PBXFileReference; lastKnownFileType = file.storyboard; name = Base; path = Base.lproj/LaunchScreen.storyboard; sourceTree = "<group>"; };
		441714B91F6872F100C9BD9A /* Info.plist */ = {isa = PBXFileReference; lastKnownFileType = text.plist.xml; path = Info.plist; sourceTree = "<group>"; };
		44DECFC31F69795100C9E3CE /* UdacityClient.swift */ = {isa = PBXFileReference; fileEncoding = 4; lastKnownFileType = sourcecode.swift; path = UdacityClient.swift; sourceTree = "<group>"; };
		44DECFC51F697B8700C9E3CE /* ConstantsUdacity.swift */ = {isa = PBXFileReference; fileEncoding = 4; lastKnownFileType = sourcecode.swift; path = ConstantsUdacity.swift; sourceTree = "<group>"; };
		44DECFC71F69864A00C9E3CE /* UdacityConvenience.swift */ = {isa = PBXFileReference; fileEncoding = 4; lastKnownFileType = sourcecode.swift; path = UdacityConvenience.swift; sourceTree = "<group>"; };
/* End PBXFileReference section */

/* Begin PBXFrameworksBuildPhase section */
		441714A71F6872F100C9BD9A /* Frameworks */ = {
			isa = PBXFrameworksBuildPhase;
			buildActionMask = 2147483647;
			files = (
			);
			runOnlyForDeploymentPostprocessing = 0;
		};
/* End PBXFrameworksBuildPhase section */

/* Begin PBXGroup section */
		441714A11F6872F100C9BD9A = {
			isa = PBXGroup;
			children = (
				441714AC1F6872F100C9BD9A /* OnTheMap */,
				441714AB1F6872F100C9BD9A /* Products */,
			);
			sourceTree = "<group>";
		};
		441714AB1F6872F100C9BD9A /* Products */ = {
			isa = PBXGroup;
			children = (
				441714AA1F6872F100C9BD9A /* OnTheMap.app */,
			);
			name = Products;
			sourceTree = "<group>";
		};
		441714AC1F6872F100C9BD9A /* OnTheMap */ = {
			isa = PBXGroup;
			children = (
				441714AD1F6872F100C9BD9A /* AppDelegate.swift */,
				441714C11F6877C100C9BD9A /* Models */,
				441714BF1F68774D00C9BD9A /* Views */,
				441714C21F6877CD00C9BD9A /* Controllers */,
				441714C01F68776800C9BD9A /* SupportingFiles */,
			);
			path = OnTheMap;
			sourceTree = "<group>";
		};
		441714BF1F68774D00C9BD9A /* Views */ = {
			isa = PBXGroup;
			children = (
				441714B61F6872F100C9BD9A /* LaunchScreen.storyboard */,
				441714B11F6872F100C9BD9A /* Main.storyboard */,
				441714B41F6872F100C9BD9A /* Assets.xcassets */,
			);
			name = Views;
			sourceTree = "<group>";
		};
		441714C01F68776800C9BD9A /* SupportingFiles */ = {
			isa = PBXGroup;
			children = (
				441714B91F6872F100C9BD9A /* Info.plist */,
			);
			name = SupportingFiles;
			sourceTree = "<group>";
		};
		441714C11F6877C100C9BD9A /* Models */ = {
			isa = PBXGroup;
			children = (
				441714C31F68785200C9BD9A /* Clients */,
			);
			name = Models;
			sourceTree = "<group>";
		};
		441714C21F6877CD00C9BD9A /* Controllers */ = {
			isa = PBXGroup;
			children = (
				441714AF1F6872F100C9BD9A /* LoginVC.swift */,
			);
			name = Controllers;
			sourceTree = "<group>";
		};
		441714C31F68785200C9BD9A /* Clients */ = {
			isa = PBXGroup;
			children = (
				441714C51F68787300C9BD9A /* Udacity */,
				441714C41F68786400C9BD9A /* Parse */,
			);
			name = Clients;
			sourceTree = "<group>";
		};
		441714C41F68786400C9BD9A /* Parse */ = {
			isa = PBXGroup;
			children = (
			);
			name = Parse;
			sourceTree = "<group>";
		};
		441714C51F68787300C9BD9A /* Udacity */ = {
			isa = PBXGroup;
			children = (
				44DECFC51F697B8700C9E3CE /* ConstantsUdacity.swift */,
				44DECFC31F69795100C9E3CE /* UdacityClient.swift */,
				44DECFC71F69864A00C9E3CE /* UdacityConvenience.swift */,
			);
			name = Udacity;
			sourceTree = "<group>";
		};
/* End PBXGroup section */

/* Begin PBXNativeTarget section */
		441714A91F6872F100C9BD9A /* OnTheMap */ = {
			isa = PBXNativeTarget;
			buildConfigurationList = 441714BC1F6872F100C9BD9A /* Build configuration list for PBXNativeTarget "OnTheMap" */;
			buildPhases = (
				441714A61F6872F100C9BD9A /* Sources */,
				441714A71F6872F100C9BD9A /* Frameworks */,
				441714A81F6872F100C9BD9A /* Resources */,
			);
			buildRules = (
			);
			dependencies = (
			);
			name = OnTheMap;
			productName = OnTheMap;
			productReference = 441714AA1F6872F100C9BD9A /* OnTheMap.app */;
			productType = "com.apple.product-type.application";
		};
/* End PBXNativeTarget section */

/* Begin PBXProject section */
		441714A21F6872F100C9BD9A /* Project object */ = {
			isa = PBXProject;
			attributes = {
				LastSwiftUpdateCheck = 0830;
				LastUpgradeCheck = 0830;
				ORGANIZATIONNAME = "Nathaniel Remy";
				TargetAttributes = {
					441714A91F6872F100C9BD9A = {
						CreatedOnToolsVersion = 8.3.3;
						DevelopmentTeam = 6ZT386G464;
						ProvisioningStyle = Automatic;
					};
				};
			};
			buildConfigurationList = 441714A51F6872F100C9BD9A /* Build configuration list for PBXProject "OnTheMap" */;
			compatibilityVersion = "Xcode 3.2";
			developmentRegion = English;
			hasScannedForEncodings = 0;
			knownRegions = (
				en,
				Base,
			);
			mainGroup = 441714A11F6872F100C9BD9A;
			productRefGroup = 441714AB1F6872F100C9BD9A /* Products */;
			projectDirPath = "";
			projectRoot = "";
			targets = (
				441714A91F6872F100C9BD9A /* OnTheMap */,
			);
		};
/* End PBXProject section */

/* Begin PBXResourcesBuildPhase section */
		441714A81F6872F100C9BD9A /* Resources */ = {
			isa = PBXResourcesBuildPhase;
			buildActionMask = 2147483647;
			files = (
				441714B81F6872F100C9BD9A /* LaunchScreen.storyboard in Resources */,
				441714B51F6872F100C9BD9A /* Assets.xcassets in Resources */,
				441714B31F6872F100C9BD9A /* Main.storyboard in Resources */,
			);
			runOnlyForDeploymentPostprocessing = 0;
		};
/* End PBXResourcesBuildPhase section */

/* Begin PBXSourcesBuildPhase section */
		441714A61F6872F100C9BD9A /* Sources */ = {
			isa = PBXSourcesBuildPhase;
			buildActionMask = 2147483647;
			files = (
				441714B01F6872F100C9BD9A /* LoginVC.swift in Sources */,
				44DECFC61F697B8700C9E3CE /* ConstantsUdacity.swift in Sources */,
				441714AE1F6872F100C9BD9A /* AppDelegate.swift in Sources */,
				44DECFC81F69864A00C9E3CE /* UdacityConvenience.swift in Sources */,
				44DECFC41F69795100C9E3CE /* UdacityClient.swift in Sources */,
			);
			runOnlyForDeploymentPostprocessing = 0;
		};
/* End PBXSourcesBuildPhase section */

/* Begin PBXVariantGroup section */
		441714B11F6872F100C9BD9A /* Main.storyboard */ = {
			isa = PBXVariantGroup;
			children = (
				441714B21F6872F100C9BD9A /* Base */,
			);
			name = Main.storyboard;
			sourceTree = "<group>";
		};
		441714B61F6872F100C9BD9A /* LaunchScreen.storyboard */ = {
			isa = PBXVariantGroup;
			children = (
				441714B71F6872F100C9BD9A /* Base */,
			);
			name = LaunchScreen.storyboard;
			sourceTree = "<group>";
		};
/* End PBXVariantGroup section */

/* Begin XCBuildConfiguration section */
		441714BA1F6872F100C9BD9A /* Debug */ = {
			isa = XCBuildConfiguration;
			buildSettings = {
				ALWAYS_SEARCH_USER_PATHS = NO;
				CLANG_ANALYZER_NONNULL = YES;
				CLANG_ANALYZER_NUMBER_OBJECT_CONVERSION = YES_AGGRESSIVE;
				CLANG_CXX_LANGUAGE_STANDARD = "gnu++0x";
				CLANG_CXX_LIBRARY = "libc++";
				CLANG_ENABLE_MODULES = YES;
				CLANG_ENABLE_OBJC_ARC = YES;
				CLANG_WARN_BOOL_CONVERSION = YES;
				CLANG_WARN_CONSTANT_CONVERSION = YES;
				CLANG_WARN_DIRECT_OBJC_ISA_USAGE = YES_ERROR;
				CLANG_WARN_DOCUMENTATION_COMMENTS = YES;
				CLANG_WARN_EMPTY_BODY = YES;
				CLANG_WARN_ENUM_CONVERSION = YES;
				CLANG_WARN_INFINITE_RECURSION = YES;
				CLANG_WARN_INT_CONVERSION = YES;
				CLANG_WARN_OBJC_ROOT_CLASS = YES_ERROR;
				CLANG_WARN_SUSPICIOUS_MOVE = YES;
				CLANG_WARN_UNREACHABLE_CODE = YES;
				CLANG_WARN__DUPLICATE_METHOD_MATCH = YES;
				"CODE_SIGN_IDENTITY[sdk=iphoneos*]" = "iPhone Developer";
				COPY_PHASE_STRIP = NO;
				DEBUG_INFORMATION_FORMAT = dwarf;
				ENABLE_STRICT_OBJC_MSGSEND = YES;
				ENABLE_TESTABILITY = YES;
				GCC_C_LANGUAGE_STANDARD = gnu99;
				GCC_DYNAMIC_NO_PIC = NO;
				GCC_NO_COMMON_BLOCKS = YES;
				GCC_OPTIMIZATION_LEVEL = 0;
				GCC_PREPROCESSOR_DEFINITIONS = (
					"DEBUG=1",
					"$(inherited)",
				);
				GCC_WARN_64_TO_32_BIT_CONVERSION = YES;
				GCC_WARN_ABOUT_RETURN_TYPE = YES_ERROR;
				GCC_WARN_UNDECLARED_SELECTOR = YES;
				GCC_WARN_UNINITIALIZED_AUTOS = YES_AGGRESSIVE;
				GCC_WARN_UNUSED_FUNCTION = YES;
				GCC_WARN_UNUSED_VARIABLE = YES;
				IPHONEOS_DEPLOYMENT_TARGET = 10.3;
				MTL_ENABLE_DEBUG_INFO = YES;
				ONLY_ACTIVE_ARCH = YES;
				SDKROOT = iphoneos;
				SWIFT_ACTIVE_COMPILATION_CONDITIONS = DEBUG;
				SWIFT_OPTIMIZATION_LEVEL = "-Onone";
				TARGETED_DEVICE_FAMILY = "1,2";
			};
			name = Debug;
		};
		441714BB1F6872F100C9BD9A /* Release */ = {
			isa = XCBuildConfiguration;
			buildSettings = {
				ALWAYS_SEARCH_USER_PATHS = NO;
				CLANG_ANALYZER_NONNULL = YES;
				CLANG_ANALYZER_NUMBER_OBJECT_CONVERSION = YES_AGGRESSIVE;
				CLANG_CXX_LANGUAGE_STANDARD = "gnu++0x";
				CLANG_CXX_LIBRARY = "libc++";
				CLANG_ENABLE_MODULES = YES;
				CLANG_ENABLE_OBJC_ARC = YES;
				CLANG_WARN_BOOL_CONVERSION = YES;
				CLANG_WARN_CONSTANT_CONVERSION = YES;
				CLANG_WARN_DIRECT_OBJC_ISA_USAGE = YES_ERROR;
				CLANG_WARN_DOCUMENTATION_COMMENTS = YES;
				CLANG_WARN_EMPTY_BODY = YES;
				CLANG_WARN_ENUM_CONVERSION = YES;
				CLANG_WARN_INFINITE_RECURSION = YES;
				CLANG_WARN_INT_CONVERSION = YES;
				CLANG_WARN_OBJC_ROOT_CLASS = YES_ERROR;
				CLANG_WARN_SUSPICIOUS_MOVE = YES;
				CLANG_WARN_UNREACHABLE_CODE = YES;
				CLANG_WARN__DUPLICATE_METHOD_MATCH = YES;
				"CODE_SIGN_IDENTITY[sdk=iphoneos*]" = "iPhone Developer";
				COPY_PHASE_STRIP = NO;
				DEBUG_INFORMATION_FORMAT = "dwarf-with-dsym";
				ENABLE_NS_ASSERTIONS = NO;
				ENABLE_STRICT_OBJC_MSGSEND = YES;
				GCC_C_LANGUAGE_STANDARD = gnu99;
				GCC_NO_COMMON_BLOCKS = YES;
				GCC_WARN_64_TO_32_BIT_CONVERSION = YES;
				GCC_WARN_ABOUT_RETURN_TYPE = YES_ERROR;
				GCC_WARN_UNDECLARED_SELECTOR = YES;
				GCC_WARN_UNINITIALIZED_AUTOS = YES_AGGRESSIVE;
				GCC_WARN_UNUSED_FUNCTION = YES;
				GCC_WARN_UNUSED_VARIABLE = YES;
				IPHONEOS_DEPLOYMENT_TARGET = 10.3;
				MTL_ENABLE_DEBUG_INFO = NO;
				SDKROOT = iphoneos;
				SWIFT_OPTIMIZATION_LEVEL = "-Owholemodule";
				TARGETED_DEVICE_FAMILY = "1,2";
				VALIDATE_PRODUCT = YES;
			};
			name = Release;
		};
		441714BD1F6872F100C9BD9A /* Debug */ = {
			isa = XCBuildConfiguration;
			buildSettings = {
				ASSETCATALOG_COMPILER_APPICON_NAME = AppIcon;
				DEVELOPMENT_TEAM = 6ZT386G464;
				INFOPLIST_FILE = OnTheMap/Info.plist;
				LD_RUNPATH_SEARCH_PATHS = "$(inherited) @executable_path/Frameworks";
				PRODUCT_BUNDLE_IDENTIFIER = com.nathanielremy.OnTheMap;
				PRODUCT_NAME = "$(TARGET_NAME)";
				SWIFT_VERSION = 3.0;
				TARGETED_DEVICE_FAMILY = 1;
			};
			name = Debug;
		};
		441714BE1F6872F100C9BD9A /* Release */ = {
			isa = XCBuildConfiguration;
			buildSettings = {
				ASSETCATALOG_COMPILER_APPICON_NAME = AppIcon;
				DEVELOPMENT_TEAM = 6ZT386G464;
				INFOPLIST_FILE = OnTheMap/Info.plist;
				LD_RUNPATH_SEARCH_PATHS = "$(inherited) @executable_path/Frameworks";
				PRODUCT_BUNDLE_IDENTIFIER = com.nathanielremy.OnTheMap;
				PRODUCT_NAME = "$(TARGET_NAME)";
				SWIFT_VERSION = 3.0;
				TARGETED_DEVICE_FAMILY = 1;
			};
			name = Release;
		};
/* End XCBuildConfiguration section */

/* Begin XCConfigurationList section */
		441714A51F6872F100C9BD9A /* Build configuration list for PBXProject "OnTheMap" */ = {
			isa = XCConfigurationList;
			buildConfigurations = (
				441714BA1F6872F100C9BD9A /* Debug */,
				441714BB1F6872F100C9BD9A /* Release */,
			);
			defaultConfigurationIsVisible = 0;
			defaultConfigurationName = Release;
		};
		441714BC1F6872F100C9BD9A /* Build configuration list for PBXNativeTarget "OnTheMap" */ = {
			isa = XCConfigurationList;
			buildConfigurations = (
				441714BD1F6872F100C9BD9A /* Debug */,
				441714BE1F6872F100C9BD9A /* Release */,
			);
			defaultConfigurationIsVisible = 0;
			defaultConfigurationName = Release;
		};
/* End XCConfigurationList section */
	};
	rootObject = 441714A21F6872F100C9BD9A /* Project object */;
}
